{
  "name": "django-example-main",
  "lockfileVersion": 3,
  "requires": true,
  "packages": {
    "": {
      "dependencies": {
        "pico-speaker": "^0.0.7"
      }
    },
    "node_modules/lodash": {
      "version": "3.10.1",
      "resolved": "https://registry.npmjs.org/lodash/-/lodash-3.10.1.tgz",
      "integrity": "sha512-9mDDwqVIma6OZX79ZlDACZl8sBm0TEnkf99zV3iMA4GzkIT/9hiqP5mY0HoT1iNLCrKc/R1HByV+yJfRWVJryQ=="
    },
    "node_modules/pico-speaker": {
      "version": "0.0.7",
      "resolved": "https://registry.npmjs.org/pico-speaker/-/pico-speaker-0.0.7.tgz",
      "integrity": "sha512-OHEGXrpCd94x+qv9uVdCvl9G+QHMUoVM3f5MYygLLszA04umWDiEKL6Ilxu0X1IQjj4e/CHgX44rrxirt0k2Zg==",
      "dependencies": {
        "lodash": "^3.10.1",
        "q": "^1.4.1"
      }
    },
    "node_modules/q": {
      "version": "1.5.1",
      "resolved": "https://registry.npmjs.org/q/-/q-1.5.1.tgz",
      "integrity": "sha512-kV/CThkXo6xyFEZUugw/+pIOywXcDbFYgSct5cT3gqlbkBE1SJdwy6UQoZvodiWF/ckQLZyDE/Bu1M6gVu5lVw==",
      "engines": {
        "node": ">=0.6.0",
        "teleport": ">=0.2.0"
      }
    }
  }
}
